// !$*UTF8*$!
{
	archiveVersion = 1;
	classes = {
	};
	objectVersion = 50;
	objects = {

/* Begin PBXBuildFile section */
		AF9B086725904BF600AEA90B /* Tests_iOS.swift in Sources */ = {isa = PBXBuildFile; fileRef = AF9B086625904BF600AEA90B /* Tests_iOS.swift */; };
		AF9B087225904BF600AEA90B /* Tests_macOS.swift in Sources */ = {isa = PBXBuildFile; fileRef = AF9B087125904BF600AEA90B /* Tests_macOS.swift */; };
		AF9B087425904BF600AEA90B /* SandwichesApp.swift in Sources */ = {isa = PBXBuildFile; fileRef = AF9B084B25904BF500AEA90B /* SandwichesApp.swift */; };
		AF9B087525904BF600AEA90B /* SandwichesApp.swift in Sources */ = {isa = PBXBuildFile; fileRef = AF9B084B25904BF500AEA90B /* SandwichesApp.swift */; };
		AF9B087625904BF600AEA90B /* ContentView.swift in Sources */ = {isa = PBXBuildFile; fileRef = AF9B084C25904BF500AEA90B /* ContentView.swift */; };
		AF9B087725904BF600AEA90B /* ContentView.swift in Sources */ = {isa = PBXBuildFile; fileRef = AF9B084C25904BF500AEA90B /* ContentView.swift */; };
		AF9B087825904BF600AEA90B /* Assets.xcassets in Resources */ = {isa = PBXBuildFile; fileRef = AF9B084D25904BF600AEA90B /* Assets.xcassets */; };
		AF9B087925904BF600AEA90B /* Assets.xcassets in Resources */ = {isa = PBXBuildFile; fileRef = AF9B084D25904BF600AEA90B /* Assets.xcassets */; };
		AF9B088D2590546E00AEA90B /* Sandwich.swift in Sources */ = {isa = PBXBuildFile; fileRef = AF9B088C2590546E00AEA90B /* Sandwich.swift */; };
		AF9B088E2590546E00AEA90B /* Sandwich.swift in Sources */ = {isa = PBXBuildFile; fileRef = AF9B088C2590546E00AEA90B /* Sandwich.swift */; };
		AF9B08942590619100AEA90B /* SandwichDetail.swift in Sources */ = {isa = PBXBuildFile; fileRef = AF9B08932590619100AEA90B /* SandwichDetail.swift */; };
		AF9B08952590619100AEA90B /* SandwichDetail.swift in Sources */ = {isa = PBXBuildFile; fileRef = AF9B08932590619100AEA90B /* SandwichDetail.swift */; };
/* End PBXBuildFile section */

/* Begin PBXContainerItemProxy section */
		AF9B086325904BF600AEA90B /* PBXContainerItemProxy */ = {
			isa = PBXContainerItemProxy;
			containerPortal = AF9B084625904BF500AEA90B /* Project object */;
			proxyType = 1;
			remoteGlobalIDString = AF9B085125904BF600AEA90B;
			remoteInfo = "Sandwiches (iOS)";
		};
		AF9B086E25904BF600AEA90B /* PBXContainerItemProxy */ = {
			isa = PBXContainerItemProxy;
			containerPortal = AF9B084625904BF500AEA90B /* Project object */;
			proxyType = 1;
			remoteGlobalIDString = AF9B085925904BF600AEA90B;
			remoteInfo = "Sandwiches (macOS)";
		};
/* End PBXContainerItemProxy section */

/* Begin PBXFileReference section */
		AF9B084B25904BF500AEA90B /* SandwichesApp.swift */ = {isa = PBXFileReference; lastKnownFileType = sourcecode.swift; path = SandwichesApp.swift; sourceTree = "<group>"; };
		AF9B084C25904BF500AEA90B /* ContentView.swift */ = {isa = PBXFileReference; lastKnownFileType = sourcecode.swift; path = ContentView.swift; sourceTree = "<group>"; };
		AF9B084D25904BF600AEA90B /* Assets.xcassets */ = {isa = PBXFileReference; lastKnownFileType = folder.assetcatalog; path = Assets.xcassets; sourceTree = "<group>"; };
		AF9B085225904BF600AEA90B /* Sandwiches.app */ = {isa = PBXFileReference; explicitFileType = wrapper.application; includeInIndex = 0; path = Sandwiches.app; sourceTree = BUILT_PRODUCTS_DIR; };
		AF9B085525904BF600AEA90B /* Info.plist */ = {isa = PBXFileReference; lastKnownFileType = text.plist.xml; path = Info.plist; sourceTree = "<group>"; };
		AF9B085A25904BF600AEA90B /* Sandwiches.app */ = {isa = PBXFileReference; explicitFileType = wrapper.application; includeInIndex = 0; path = Sandwiches.app; sourceTree = BUILT_PRODUCTS_DIR; };
		AF9B085C25904BF600AEA90B /* Info.plist */ = {isa = PBXFileReference; lastKnownFileType = text.plist.xml; path = Info.plist; sourceTree = "<group>"; };
		AF9B085D25904BF600AEA90B /* macOS.entitlements */ = {isa = PBXFileReference; lastKnownFileType = text.plist.entitlements; path = macOS.entitlements; sourceTree = "<group>"; };
		AF9B086225904BF600AEA90B /* Tests iOS.xctest */ = {isa = PBXFileReference; explicitFileType = wrapper.cfbundle; includeInIndex = 0; path = "Tests iOS.xctest"; sourceTree = BUILT_PRODUCTS_DIR; };
		AF9B086625904BF600AEA90B /* Tests_iOS.swift */ = {isa = PBXFileReference; lastKnownFileType = sourcecode.swift; path = Tests_iOS.swift; sourceTree = "<group>"; };
		AF9B086825904BF600AEA90B /* Info.plist */ = {isa = PBXFileReference; lastKnownFileType = text.plist.xml; path = Info.plist; sourceTree = "<group>"; };
		AF9B086D25904BF600AEA90B /* Tests macOS.xctest */ = {isa = PBXFileReference; explicitFileType = wrapper.cfbundle; includeInIndex = 0; path = "Tests macOS.xctest"; sourceTree = BUILT_PRODUCTS_DIR; };
		AF9B087125904BF600AEA90B /* Tests_macOS.swift */ = {isa = PBXFileReference; lastKnownFileType = sourcecode.swift; path = Tests_macOS.swift; sourceTree = "<group>"; };
		AF9B087325904BF600AEA90B /* Info.plist */ = {isa = PBXFileReference; lastKnownFileType = text.plist.xml; path = Info.plist; sourceTree = "<group>"; };
		AF9B088C2590546E00AEA90B /* Sandwich.swift */ = {isa = PBXFileReference; lastKnownFileType = sourcecode.swift; path = Sandwich.swift; sourceTree = "<group>"; };
		AF9B08932590619100AEA90B /* SandwichDetail.swift */ = {isa = PBXFileReference; lastKnownFileType = sourcecode.swift; path = SandwichDetail.swift; sourceTree = "<group>"; };
/* End PBXFileReference section */

/* Begin PBXFrameworksBuildPhase section */
		AF9B084F25904BF600AEA90B /* Frameworks */ = {
			isa = PBXFrameworksBuildPhase;
			buildActionMask = 2147483647;
			files = (
			);
			runOnlyForDeploymentPostprocessing = 0;
		};
		AF9B085725904BF600AEA90B /* Frameworks */ = {
			isa = PBXFrameworksBuildPhase;
			buildActionMask = 2147483647;
			files = (
			);
			runOnlyForDeploymentPostprocessing = 0;
		};
		AF9B085F25904BF600AEA90B /* Frameworks */ = {
			isa = PBXFrameworksBuildPhase;
			buildActionMask = 2147483647;
			files = (
			);
			runOnlyForDeploymentPostprocessing = 0;
		};
		AF9B086A25904BF600AEA90B /* Frameworks */ = {
			isa = PBXFrameworksBuildPhase;
			buildActionMask = 2147483647;
			files = (
			);
			runOnlyForDeploymentPostprocessing = 0;
		};
/* End PBXFrameworksBuildPhase section */

/* Begin PBXGroup section */
		AF9B084525904BF500AEA90B = {
			isa = PBXGroup;
			children = (
				AF9B084A25904BF500AEA90B /* Shared */,
				AF9B085425904BF600AEA90B /* iOS */,
				AF9B085B25904BF600AEA90B /* macOS */,
				AF9B086525904BF600AEA90B /* Tests iOS */,
				AF9B087025904BF600AEA90B /* Tests macOS */,
				AF9B085325904BF600AEA90B /* Products */,
			);
			sourceTree = "<group>";
		};
		AF9B084A25904BF500AEA90B /* Shared */ = {
			isa = PBXGroup;
			children = (
				AF9B084B25904BF500AEA90B /* SandwichesApp.swift */,
				AF9B084C25904BF500AEA90B /* ContentView.swift */,
				AF9B084D25904BF600AEA90B /* Assets.xcassets */,
				AF9B088C2590546E00AEA90B /* Sandwich.swift */,
				AF9B08932590619100AEA90B /* SandwichDetail.swift */,
			);
			path = Shared;
			sourceTree = "<group>";
		};
		AF9B085325904BF600AEA90B /* Products */ = {
			isa = PBXGroup;
			children = (
				AF9B085225904BF600AEA90B /* Sandwiches.app */,
				AF9B085A25904BF600AEA90B /* Sandwiches.app */,
				AF9B086225904BF600AEA90B /* Tests iOS.xctest */,
				AF9B086D25904BF600AEA90B /* Tests macOS.xctest */,
			);
			name = Products;
			sourceTree = "<group>";
		};
		AF9B085425904BF600AEA90B /* iOS */ = {
			isa = PBXGroup;
			children = (
				AF9B085525904BF600AEA90B /* Info.plist */,
			);
			path = iOS;
			sourceTree = "<group>";
		};
		AF9B085B25904BF600AEA90B /* macOS */ = {
			isa = PBXGroup;
			children = (
				AF9B085C25904BF600AEA90B /* Info.plist */,
				AF9B085D25904BF600AEA90B /* macOS.entitlements */,
			);
			path = macOS;
			sourceTree = "<group>";
		};
		AF9B086525904BF600AEA90B /* Tests iOS */ = {
			isa = PBXGroup;
			children = (
				AF9B086625904BF600AEA90B /* Tests_iOS.swift */,
				AF9B086825904BF600AEA90B /* Info.plist */,
			);
			path = "Tests iOS";
			sourceTree = "<group>";
		};
		AF9B087025904BF600AEA90B /* Tests macOS */ = {
			isa = PBXGroup;
			children = (
				AF9B087125904BF600AEA90B /* Tests_macOS.swift */,
				AF9B087325904BF600AEA90B /* Info.plist */,
			);
			path = "Tests macOS";
			sourceTree = "<group>";
		};
/* End PBXGroup section */

/* Begin PBXNativeTarget section */
		AF9B085125904BF600AEA90B /* Sandwiches (iOS) */ = {
			isa = PBXNativeTarget;
			buildConfigurationList = AF9B087C25904BF600AEA90B /* Build configuration list for PBXNativeTarget "Sandwiches (iOS)" */;
			buildPhases = (
				AF9B084E25904BF600AEA90B /* Sources */,
				AF9B084F25904BF600AEA90B /* Frameworks */,
				AF9B085025904BF600AEA90B /* Resources */,
			);
			buildRules = (
			);
			dependencies = (
			);
			name = "Sandwiches (iOS)";
			productName = "Sandwiches (iOS)";
			productReference = AF9B085225904BF600AEA90B /* Sandwiches.app */;
			productType = "com.apple.product-type.application";
		};
		AF9B085925904BF600AEA90B /* Sandwiches (macOS) */ = {
			isa = PBXNativeTarget;
			buildConfigurationList = AF9B087F25904BF600AEA90B /* Build configuration list for PBXNativeTarget "Sandwiches (macOS)" */;
			buildPhases = (
				AF9B085625904BF600AEA90B /* Sources */,
				AF9B085725904BF600AEA90B /* Frameworks */,
				AF9B085825904BF600AEA90B /* Resources */,
			);
			buildRules = (
			);
			dependencies = (
			);
			name = "Sandwiches (macOS)";
			productName = "Sandwiches (macOS)";
			productReference = AF9B085A25904BF600AEA90B /* Sandwiches.app */;
			productType = "com.apple.product-type.application";
		};
		AF9B086125904BF600AEA90B /* Tests iOS */ = {
			isa = PBXNativeTarget;
			buildConfigurationList = AF9B088225904BF600AEA90B /* Build configuration list for PBXNativeTarget "Tests iOS" */;
			buildPhases = (
				AF9B085E25904BF600AEA90B /* Sources */,
				AF9B085F25904BF600AEA90B /* Frameworks */,
				AF9B086025904BF600AEA90B /* Resources */,
			);
			buildRules = (
			);
			dependencies = (
				AF9B086425904BF600AEA90B /* PBXTargetDependency */,
			);
			name = "Tests iOS";
			productName = "Tests iOS";
			productReference = AF9B086225904BF600AEA90B /* Tests iOS.xctest */;
			productType = "com.apple.product-type.bundle.ui-testing";
		};
		AF9B086C25904BF600AEA90B /* Tests macOS */ = {
			isa = PBXNativeTarget;
			buildConfigurationList = AF9B088525904BF600AEA90B /* Build configuration list for PBXNativeTarget "Tests macOS" */;
			buildPhases = (
				AF9B086925904BF600AEA90B /* Sources */,
				AF9B086A25904BF600AEA90B /* Frameworks */,
				AF9B086B25904BF600AEA90B /* Resources */,
			);
			buildRules = (
			);
			dependencies = (
				AF9B086F25904BF600AEA90B /* PBXTargetDependency */,
			);
			name = "Tests macOS";
			productName = "Tests macOS";
			productReference = AF9B086D25904BF600AEA90B /* Tests macOS.xctest */;
			productType = "com.apple.product-type.bundle.ui-testing";
		};
/* End PBXNativeTarget section */

/* Begin PBXProject section */
		AF9B084625904BF500AEA90B /* Project object */ = {
			isa = PBXProject;
			attributes = {
				LastSwiftUpdateCheck = 1230;
				LastUpgradeCheck = 1230;
				TargetAttributes = {
					AF9B085125904BF600AEA90B = {
						CreatedOnToolsVersion = 12.3;
					};
					AF9B085925904BF600AEA90B = {
						CreatedOnToolsVersion = 12.3;
					};
					AF9B086125904BF600AEA90B = {
						CreatedOnToolsVersion = 12.3;
						TestTargetID = AF9B085125904BF600AEA90B;
					};
					AF9B086C25904BF600AEA90B = {
						CreatedOnToolsVersion = 12.3;
						TestTargetID = AF9B085925904BF600AEA90B;
					};
				};
			};
			buildConfigurationList = AF9B084925904BF500AEA90B /* Build configuration list for PBXProject "Sandwiches" */;
			compatibilityVersion = "Xcode 9.3";
			developmentRegion = en;
			hasScannedForEncodings = 0;
			knownRegions = (
				en,
				Base,
			);
			mainGroup = AF9B084525904BF500AEA90B;
			productRefGroup = AF9B085325904BF600AEA90B /* Products */;
			projectDirPath = "";
			projectRoot = "";
			targets = (
				AF9B085125904BF600AEA90B /* Sandwiches (iOS) */,
				AF9B085925904BF600AEA90B /* Sandwiches (macOS) */,
				AF9B086125904BF600AEA90B /* Tests iOS */,
				AF9B086C25904BF600AEA90B /* Tests macOS */,
			);
		};
/* End PBXProject section */

/* Begin PBXResourcesBuildPhase section */
		AF9B085025904BF600AEA90B /* Resources */ = {
			isa = PBXResourcesBuildPhase;
			buildActionMask = 2147483647;
			files = (
				AF9B087825904BF600AEA90B /* Assets.xcassets in Resources */,
			);
			runOnlyForDeploymentPostprocessing = 0;
		};
		AF9B085825904BF600AEA90B /* Resources */ = {
			isa = PBXResourcesBuildPhase;
			buildActionMask = 2147483647;
			files = (
				AF9B087925904BF600AEA90B /* Assets.xcassets in Resources */,
			);
			runOnlyForDeploymentPostprocessing = 0;
		};
		AF9B086025904BF600AEA90B /* Resources */ = {
			isa = PBXResourcesBuildPhase;
			buildActionMask = 2147483647;
			files = (
			);
			runOnlyForDeploymentPostprocessing = 0;
		};
		AF9B086B25904BF600AEA90B /* Resources */ = {
			isa = PBXResourcesBuildPhase;
			buildActionMask = 2147483647;
			files = (
			);
			runOnlyForDeploymentPostprocessing = 0;
		};
/* End PBXResourcesBuildPhase section */

/* Begin PBXSourcesBuildPhase section */
		AF9B084E25904BF600AEA90B /* Sources */ = {
			isa = PBXSourcesBuildPhase;
			buildActionMask = 2147483647;
			files = (
				AF9B087625904BF600AEA90B /* ContentView.swift in Sources */,
				AF9B087425904BF600AEA90B /* SandwichesApp.swift in Sources */,
				AF9B088D2590546E00AEA90B /* Sandwich.swift in Sources */,
				AF9B08942590619100AEA90B /* SandwichDetail.swift in Sources */,
			);
			runOnlyForDeploymentPostprocessing = 0;
		};
		AF9B085625904BF600AEA90B /* Sources */ = {
			isa = PBXSourcesBuildPhase;
			buildActionMask = 2147483647;
			files = (
				AF9B087725904BF600AEA90B /* ContentView.swift in Sources */,
				AF9B087525904BF600AEA90B /* SandwichesApp.swift in Sources */,
				AF9B088E2590546E00AEA90B /* Sandwich.swift in Sources */,
				AF9B08952590619100AEA90B /* SandwichDetail.swift in Sources */,
			);
			runOnlyForDeploymentPostprocessing = 0;
		};
		AF9B085E25904BF600AEA90B /* Sources */ = {
			isa = PBXSourcesBuildPhase;
			buildActionMask = 2147483647;
			files = (
				AF9B086725904BF600AEA90B /* Tests_iOS.swift in Sources */,
			);
			runOnlyForDeploymentPostprocessing = 0;
		};
		AF9B086925904BF600AEA90B /* Sources */ = {
			isa = PBXSourcesBuildPhase;
			buildActionMask = 2147483647;
			files = (
				AF9B087225904BF600AEA90B /* Tests_macOS.swift in Sources */,
			);
			runOnlyForDeploymentPostprocessing = 0;
		};
/* End PBXSourcesBuildPhase section */

/* Begin PBXTargetDependency section */
		AF9B086425904BF600AEA90B /* PBXTargetDependency */ = {
			isa = PBXTargetDependency;
			target = AF9B085125904BF600AEA90B /* Sandwiches (iOS) */;
			targetProxy = AF9B086325904BF600AEA90B /* PBXContainerItemProxy */;
		};
		AF9B086F25904BF600AEA90B /* PBXTargetDependency */ = {
			isa = PBXTargetDependency;
			target = AF9B085925904BF600AEA90B /* Sandwiches (macOS) */;
			targetProxy = AF9B086E25904BF600AEA90B /* PBXContainerItemProxy */;
		};
/* End PBXTargetDependency section */

/* Begin XCBuildConfiguration section */
		AF9B087A25904BF600AEA90B /* Debug */ = {
			isa = XCBuildConfiguration;
			buildSettings = {
				ALWAYS_SEARCH_USER_PATHS = NO;
				CLANG_ANALYZER_NONNULL = YES;
				CLANG_ANALYZER_NUMBER_OBJECT_CONVERSION = YES_AGGRESSIVE;
				CLANG_CXX_LANGUAGE_STANDARD = "gnu++14";
				CLANG_CXX_LIBRARY = "libc++";
				CLANG_ENABLE_MODULES = YES;
				CLANG_ENABLE_OBJC_ARC = YES;
				CLANG_ENABLE_OBJC_WEAK = YES;
				CLANG_WARN_BLOCK_CAPTURE_AUTORELEASING = YES;
				CLANG_WARN_BOOL_CONVERSION = YES;
				CLANG_WARN_COMMA = YES;
				CLANG_WARN_CONSTANT_CONVERSION = YES;
				CLANG_WARN_DEPRECATED_OBJC_IMPLEMENTATIONS = YES;
				CLANG_WARN_DIRECT_OBJC_ISA_USAGE = YES_ERROR;
				CLANG_WARN_DOCUMENTATION_COMMENTS = YES;
				CLANG_WARN_EMPTY_BODY = YES;
				CLANG_WARN_ENUM_CONVERSION = YES;
				CLANG_WARN_INFINITE_RECURSION = YES;
				CLANG_WARN_INT_CONVERSION = YES;
				CLANG_WARN_NON_LITERAL_NULL_CONVERSION = YES;
				CLANG_WARN_OBJC_IMPLICIT_RETAIN_SELF = YES;
				CLANG_WARN_OBJC_LITERAL_CONVERSION = YES;
				CLANG_WARN_OBJC_ROOT_CLASS = YES_ERROR;
				CLANG_WARN_QUOTED_INCLUDE_IN_FRAMEWORK_HEADER = YES;
				CLANG_WARN_RANGE_LOOP_ANALYSIS = YES;
				CLANG_WARN_STRICT_PROTOTYPES = YES;
				CLANG_WARN_SUSPICIOUS_MOVE = YES;
				CLANG_WARN_UNGUARDED_AVAILABILITY = YES_AGGRESSIVE;
				CLANG_WARN_UNREACHABLE_CODE = YES;
				CLANG_WARN__DUPLICATE_METHOD_MATCH = YES;
				COPY_PHASE_STRIP = NO;
				DEBUG_INFORMATION_FORMAT = dwarf;
				ENABLE_STRICT_OBJC_MSGSEND = YES;
				ENABLE_TESTABILITY = YES;
				GCC_C_LANGUAGE_STANDARD = gnu11;
				GCC_DYNAMIC_NO_PIC = NO;
				GCC_NO_COMMON_BLOCKS = YES;
				GCC_OPTIMIZATION_LEVEL = 0;
				GCC_PREPROCESSOR_DEFINITIONS = (
					"DEBUG=1",
					"$(inherited)",
				);
				GCC_WARN_64_TO_32_BIT_CONVERSION = YES;
				GCC_WARN_ABOUT_RETURN_TYPE = YES_ERROR;
				GCC_WARN_UNDECLARED_SELECTOR = YES;
				GCC_WARN_UNINITIALIZED_AUTOS = YES_AGGRESSIVE;
				GCC_WARN_UNUSED_FUNCTION = YES;
				GCC_WARN_UNUSED_VARIABLE = YES;
				MTL_ENABLE_DEBUG_INFO = INCLUDE_SOURCE;
				MTL_FAST_MATH = YES;
				ONLY_ACTIVE_ARCH = YES;
				SWIFT_ACTIVE_COMPILATION_CONDITIONS = DEBUG;
				SWIFT_OPTIMIZATION_LEVEL = "-Onone";
			};
			name = Debug;
		};
		AF9B087B25904BF600AEA90B /* Release */ = {
			isa = XCBuildConfiguration;
			buildSettings = {
				ALWAYS_SEARCH_USER_PATHS = NO;
				CLANG_ANALYZER_NONNULL = YES;
				CLANG_ANALYZER_NUMBER_OBJECT_CONVERSION = YES_AGGRESSIVE;
				CLANG_CXX_LANGUAGE_STANDARD = "gnu++14";
				CLANG_CXX_LIBRARY = "libc++";
				CLANG_ENABLE_MODULES = YES;
				CLANG_ENABLE_OBJC_ARC = YES;
				CLANG_ENABLE_OBJC_WEAK = YES;
				CLANG_WARN_BLOCK_CAPTURE_AUTORELEASING = YES;
				CLANG_WARN_BOOL_CONVERSION = YES;
				CLANG_WARN_COMMA = YES;
				CLANG_WARN_CONSTANT_CONVERSION = YES;
				CLANG_WARN_DEPRECATED_OBJC_IMPLEMENTATIONS = YES;
				CLANG_WARN_DIRECT_OBJC_ISA_USAGE = YES_ERROR;
				CLANG_WARN_DOCUMENTATION_COMMENTS = YES;
				CLANG_WARN_EMPTY_BODY = YES;
				CLANG_WARN_ENUM_CONVERSION = YES;
				CLANG_WARN_INFINITE_RECURSION = YES;
				CLANG_WARN_INT_CONVERSION = YES;
				CLANG_WARN_NON_LITERAL_NULL_CONVERSION = YES;
				CLANG_WARN_OBJC_IMPLICIT_RETAIN_SELF = YES;
				CLANG_WARN_OBJC_LITERAL_CONVERSION = YES;
				CLANG_WARN_OBJC_ROOT_CLASS = YES_ERROR;
				CLANG_WARN_QUOTED_INCLUDE_IN_FRAMEWORK_HEADER = YES;
				CLANG_WARN_RANGE_LOOP_ANALYSIS = YES;
				CLANG_WARN_STRICT_PROTOTYPES = YES;
				CLANG_WARN_SUSPICIOUS_MOVE = YES;
				CLANG_WARN_UNGUARDED_AVAILABILITY = YES_AGGRESSIVE;
				CLANG_WARN_UNREACHABLE_CODE = YES;
				CLANG_WARN__DUPLICATE_METHOD_MATCH = YES;
				COPY_PHASE_STRIP = NO;
				DEBUG_INFORMATION_FORMAT = "dwarf-with-dsym";
				ENABLE_NS_ASSERTIONS = NO;
				ENABLE_STRICT_OBJC_MSGSEND = YES;
				GCC_C_LANGUAGE_STANDARD = gnu11;
				GCC_NO_COMMON_BLOCKS = YES;
				GCC_WARN_64_TO_32_BIT_CONVERSION = YES;
				GCC_WARN_ABOUT_RETURN_TYPE = YES_ERROR;
				GCC_WARN_UNDECLARED_SELECTOR = YES;
				GCC_WARN_UNINITIALIZED_AUTOS = YES_AGGRESSIVE;
				GCC_WARN_UNUSED_FUNCTION = YES;
				GCC_WARN_UNUSED_VARIABLE = YES;
				MTL_ENABLE_DEBUG_INFO = NO;
				MTL_FAST_MATH = YES;
				SWIFT_COMPILATION_MODE = wholemodule;
				SWIFT_OPTIMIZATION_LEVEL = "-O";
			};
			name = Release;
		};
		AF9B087D25904BF600AEA90B /* Debug */ = {
			isa = XCBuildConfiguration;
			buildSettings = {
				ASSETCATALOG_COMPILER_APPICON_NAME = AppIcon;
				ASSETCATALOG_COMPILER_GLOBAL_ACCENT_COLOR_NAME = AccentColor;
				CODE_SIGN_STYLE = Automatic;
				DEVELOPMENT_TEAM = AKJK3W9R78;
				ENABLE_PREVIEWS = YES;
				INFOPLIST_FILE = iOS/Info.plist;
				IPHONEOS_DEPLOYMENT_TARGET = 14.0;
				LD_RUNPATH_SEARCH_PATHS = (
					"$(inherited)",
					"@executable_path/Frameworks",
				);
				PRODUCT_BUNDLE_IDENTIFIER = dev.rexsunon.Sandwiches;
				PRODUCT_NAME = Sandwiches;
				SDKROOT = iphoneos;
				SWIFT_VERSION = 5.0;
				TARGETED_DEVICE_FAMILY = "1,2";
			};
			name = Debug;
		};
		AF9B087E25904BF600AEA90B /* Release */ = {
			isa = XCBuildConfiguration;
			buildSettings = {
				ASSETCATALOG_COMPILER_APPICON_NAME = AppIcon;
				ASSETCATALOG_COMPILER_GLOBAL_ACCENT_COLOR_NAME = AccentColor;
				CODE_SIGN_STYLE = Automatic;
				DEVELOPMENT_TEAM = AKJK3W9R78;
				ENABLE_PREVIEWS = YES;
				INFOPLIST_FILE = iOS/Info.plist;
				IPHONEOS_DEPLOYMENT_TARGET = 14.0;
				LD_RUNPATH_SEARCH_PATHS = (
					"$(inherited)",
					"@executable_path/Frameworks",
				);
				PRODUCT_BUNDLE_IDENTIFIER = dev.rexsunon.Sandwiches;
				PRODUCT_NAME = Sandwiches;
				SDKROOT = iphoneos;
				SWIFT_VERSION = 5.0;
				TARGETED_DEVICE_FAMILY = "1,2";
				VALIDATE_PRODUCT = YES;
			};
			name = Release;
		};
		AF9B088025904BF600AEA90B /* Debug */ = {
			isa = XCBuildConfiguration;
			buildSettings = {
				ASSETCATALOG_COMPILER_APPICON_NAME = AppIcon;
				ASSETCATALOG_COMPILER_GLOBAL_ACCENT_COLOR_NAME = AccentColor;
				CODE_SIGN_ENTITLEMENTS = macOS/macOS.entitlements;
				CODE_SIGN_STYLE = Automatic;
				COMBINE_HIDPI_IMAGES = YES;
				DEVELOPMENT_TEAM = AKJK3W9R78;
				ENABLE_HARDENED_RUNTIME = YES;
				ENABLE_PREVIEWS = YES;
				INFOPLIST_FILE = macOS/Info.plist;
				LD_RUNPATH_SEARCH_PATHS = (
					"$(inherited)",
					"@executable_path/../Frameworks",
				);
				MACOSX_DEPLOYMENT_TARGET = 11.0;
				PRODUCT_BUNDLE_IDENTIFIER = dev.rexsunon.Sandwiches;
				PRODUCT_NAME = Sandwiches;
				SDKROOT = macosx;
				SWIFT_VERSION = 5.0;
			};
			name = Debug;
		};
		AF9B088125904BF600AEA90B /* Release */ = {
			isa = XCBuildConfiguration;
			buildSettings = {
				ASSETCATALOG_COMPILER_APPICON_NAME = AppIcon;
				ASSETCATALOG_COMPILER_GLOBAL_ACCENT_COLOR_NAME = AccentColor;
				CODE_SIGN_ENTITLEMENTS = macOS/macOS.entitlements;
				CODE_SIGN_STYLE = Automatic;
				COMBINE_HIDPI_IMAGES = YES;
				DEVELOPMENT_TEAM = AKJK3W9R78;
				ENABLE_HARDENED_RUNTIME = YES;
				ENABLE_PREVIEWS = YES;
				INFOPLIST_FILE = macOS/Info.plist;
				LD_RUNPATH_SEARCH_PATHS = (
					"$(inherited)",
					"@executable_path/../Frameworks",
				);
				MACOSX_DEPLOYMENT_TARGET = 11.0;
				PRODUCT_BUNDLE_IDENTIFIER = dev.rexsunon.Sandwiches;
				PRODUCT_NAME = Sandwiches;
				SDKROOT = macosx;
				SWIFT_VERSION = 5.0;
			};
			name = Release;
		};
		AF9B088325904BF600AEA90B /* Debug */ = {
			isa = XCBuildConfiguration;
			buildSettings = {
				ALWAYS_EMBED_SWIFT_STANDARD_LIBRARIES = YES;
				CODE_SIGN_STYLE = Automatic;
				DEVELOPMENT_TEAM = AKJK3W9R78;
				INFOPLIST_FILE = "Tests iOS/Info.plist";
				IPHONEOS_DEPLOYMENT_TARGET = 14.3;
				LD_RUNPATH_SEARCH_PATHS = (
					"$(inherited)",
					"@executable_path/Frameworks",
					"@loader_path/Frameworks",
				);
				PRODUCT_BUNDLE_IDENTIFIER = "dev.rexsunon.Tests-iOS";
				PRODUCT_NAME = "$(TARGET_NAME)";
				SDKROOT = iphoneos;
				SWIFT_VERSION = 5.0;
				TARGETED_DEVICE_FAMILY = "1,2";
				TEST_TARGET_NAME = "Sandwiches (iOS)";
			};
			name = Debug;
		};
		AF9B088425904BF600AEA90B /* Release */ = {
			isa = XCBuildConfiguration;
			buildSettings = {
				ALWAYS_EMBED_SWIFT_STANDARD_LIBRARIES = YES;
				CODE_SIGN_STYLE = Automatic;
				DEVELOPMENT_TEAM = AKJK3W9R78;
				INFOPLIST_FILE = "Tests iOS/Info.plist";
				IPHONEOS_DEPLOYMENT_TARGET = 14.3;
				LD_RUNPATH_SEARCH_PATHS = (
					"$(inherited)",
					"@executable_path/Frameworks",
					"@loader_path/Frameworks",
				);
				PRODUCT_BUNDLE_IDENTIFIER = "dev.rexsunon.Tests-iOS";
				PRODUCT_NAME = "$(TARGET_NAME)";
				SDKROOT = iphoneos;
				SWIFT_VERSION = 5.0;
				TARGETED_DEVICE_FAMILY = "1,2";
				TEST_TARGET_NAME = "Sandwiches (iOS)";
				VALIDATE_PRODUCT = YES;
			};
			name = Release;
		};
		AF9B088625904BF600AEA90B /* Debug */ = {
			isa = XCBuildConfiguration;
			buildSettings = {
				ALWAYS_EMBED_SWIFT_STANDARD_LIBRARIES = YES;
				CODE_SIGN_STYLE = Automatic;
				COMBINE_HIDPI_IMAGES = YES;
				DEVELOPMENT_TEAM = AKJK3W9R78;
				INFOPLIST_FILE = "Tests macOS/Info.plist";
				LD_RUNPATH_SEARCH_PATHS = (
					"$(inherited)",
					"@executable_path/../Frameworks",
					"@loader_path/../Frameworks",
				);
				MACOSX_DEPLOYMENT_TARGET = 11.1;
				PRODUCT_BUNDLE_IDENTIFIER = "dev.rexsunon.Tests-macOS";
				PRODUCT_NAME = "$(TARGET_NAME)";
				SDKROOT = macosx;
				SWIFT_VERSION = 5.0;
				TEST_TARGET_NAME = "Sandwiches (macOS)";
			};
			name = Debug;
		};
		AF9B088725904BF600AEA90B /* Release */ = {
			isa = XCBuildConfiguration;
			buildSettings = {
				ALWAYS_EMBED_SWIFT_STANDARD_LIBRARIES = YES;
				CODE_SIGN_STYLE = Automatic;
				COMBINE_HIDPI_IMAGES = YES;
				DEVELOPMENT_TEAM = AKJK3W9R78;
				INFOPLIST_FILE = "Tests macOS/Info.plist";
				LD_RUNPATH_SEARCH_PATHS = (
					"$(inherited)",
					"@executable_path/../Frameworks",
					"@loader_path/../Frameworks",
				);
				MACOSX_DEPLOYMENT_TARGET = 11.1;
				PRODUCT_BUNDLE_IDENTIFIER = "dev.rexsunon.Tests-macOS";
				PRODUCT_NAME = "$(TARGET_NAME)";
				SDKROOT = macosx;
				SWIFT_VERSION = 5.0;
				TEST_TARGET_NAME = "Sandwiches (macOS)";
			};
			name = Release;
		};
/* End XCBuildConfiguration section */

/* Begin XCConfigurationList section */
		AF9B084925904BF500AEA90B /* Build configuration list for PBXProject "Sandwiches" */ = {
			isa = XCConfigurationList;
			buildConfigurations = (
				AF9B087A25904BF600AEA90B /* Debug */,
				AF9B087B25904BF600AEA90B /* Release */,
			);
			defaultConfigurationIsVisible = 0;
			defaultConfigurationName = Release;
		};
		AF9B087C25904BF600AEA90B /* Build configuration list for PBXNativeTarget "Sandwiches (iOS)" */ = {
			isa = XCConfigurationList;
			buildConfigurations = (
				AF9B087D25904BF600AEA90B /* Debug */,
				AF9B087E25904BF600AEA90B /* Release */,
			);
			defaultConfigurationIsVisible = 0;
			defaultConfigurationName = Release;
		};
		AF9B087F25904BF600AEA90B /* Build configuration list for PBXNativeTarget "Sandwiches (macOS)" */ = {
			isa = XCConfigurationList;
			buildConfigurations = (
				AF9B088025904BF600AEA90B /* Debug */,
				AF9B088125904BF600AEA90B /* Release */,
			);
			defaultConfigurationIsVisible = 0;
			defaultConfigurationName = Release;
		};
		AF9B088225904BF600AEA90B /* Build configuration list for PBXNativeTarget "Tests iOS" */ = {
			isa = XCConfigurationList;
			buildConfigurations = (
				AF9B088325904BF600AEA90B /* Debug */,
				AF9B088425904BF600AEA90B /* Release */,
			);
			defaultConfigurationIsVisible = 0;
			defaultConfigurationName = Release;
		};
		AF9B088525904BF600AEA90B /* Build configuration list for PBXNativeTarget "Tests macOS" */ = {
			isa = XCConfigurationList;
			buildConfigurations = (
				AF9B088625904BF600AEA90B /* Debug */,
				AF9B088725904BF600AEA90B /* Release */,
			);
			defaultConfigurationIsVisible = 0;
			defaultConfigurationName = Release;
		};
/* End XCConfigurationList section */
	};
	rootObject = AF9B084625904BF500AEA90B /* Project object */;
}
